PODS:
  - React/Core (0.2.1)
  - React/RCTImage (0.2.1):
    - React/Core
  - React/RCTText (0.2.1):
    - React/Core
  - React/RCTWebSocketDebugger (0.2.1):
    - React/Core

DEPENDENCIES:
  - React/Core
  - React/RCTImage
  - React/RCTText
  - React/RCTWebSocketDebugger

SPEC CHECKSUMS:
  React: a7828490bf8e5976d201558a28cb812c498a0eeb

COCOAPODS: 0.36.3
